<?xml version="1.0" encoding="UTF-8" standalone="yes" ?>
<CodeBlocks_project_file>
	<FileVersion major="1" minor="6" />
	<Project>
		<Option title="4ace" />
		<Option pch_mode="2" />
		<Option compiler="gcc" />
		<Build>
			<Target title="Debug">
				<Option output="bin/Debug/4ace" prefix_auto="1" extension_auto="1" />
				<Option object_output="obj/Debug/" />
				<Option type="1" />
				<Option compiler="gcc" />
				<Compiler>
					<Add option="-g" />
					<Add directory="../sfml/include" />
				</Compiler>
				<Linker>
					<Add library="sfml-graphics" />
					<Add library="sfml-window" />
					<Add library="sfml-system" />
					<Add directory="../sfml/lib" />
				</Linker>
			</Target>
			<Target title="Release">
				<Option output="bin/Release/4ace" prefix_auto="1" extension_auto="1" />
				<Option object_output="obj/Release/" />
				<Option type="1" />
				<Option compiler="gcc" />
				<Compiler>
					<Add option="-O2" />
				</Compiler>
				<Linker>
					<Add option="-s" />
				</Linker>
			</Target>
		</Build>
		<Compiler>
			<Add option="-Wall" />
			<Add option="-fexceptions" />
		</Compiler>
		<Unit filename="Card.cpp" />
		<Unit filename="Deck.cpp" />
		<Unit filename="Deck.h" />
		<Unit filename="Game.cpp" />
		<Unit filename="Game.h" />
		<Unit filename="MainWindow.cpp" />
		<Unit filename="bottons/Card.h" />
		<Unit filename="bottons/ClubBotton.cpp" />
		<Unit filename="bottons/ClubBotton.h" />
		<Unit filename="bottons/Consts.h" />
		<Unit filename="bottons/DiamondBotton.cpp" />
		<Unit filename="bottons/DiamondBotton.h" />
		<Unit filename="bottons/HeartBotton.cpp" />
		<Unit filename="bottons/HeartBotton.h" />
		<Unit filename="bottons/RestartBotton.cpp" />
		<Unit filename="bottons/RestartBotton.h" />
		<Unit filename="bottons/SpadeBotton.cpp" />
		<Unit filename="bottons/SpadeBotton.h" />
		<Extensions>
			<code_completion />
			<envvars />
			<debugger />
			<lib_finder disable_auto="1" />
		</Extensions>
	</Project>
</CodeBlocks_project_file>
